
Microsoft Visual Studio Solution File, Format Version 12.00
# Visual Studio Version 16
VisualStudioVersion = 16.0.30523.141
MinimumVisualStudioVersion = 10.0.40219.1
Project("{FAE04EC0-301F-11D3-BF4B-00C04F79EFBC}") = "tema1", "tema1\tema1.csproj", "{C1620BC6-596D-435F-8D16-C304ED38669E}"
EndProject
Global
	GlobalSection(SolutionConfigurationPlatforms) = preSolution
		Debug|Any CPU = Debug|Any CPU
		Release|Any CPU = Release|Any CPU
	EndGlobalSection
	GlobalSection(ProjectConfigurationPlatforms) = postSolution
		{C1620BC6-596D-435F-8D16-C304ED38669E}.Debug|Any CPU.ActiveCfg = Debug|Any CPU
		{C1620BC6-596D-435F-8D16-C304ED38669E}.Debug|Any CPU.Build.0 = Debug|Any CPU
		{C1620BC6-596D-435F-8D16-C304ED38669E}.Release|Any CPU.ActiveCfg = Release|Any CPU
		{C1620BC6-596D-435F-8D16-C304ED38669E}.Release|Any CPU.Build.0 = Release|Any CPU
	EndGlobalSection
	GlobalSection(SolutionProperties) = preSolution
		HideSolutionNode = FALSE
	EndGlobalSection
	GlobalSection(ExtensibilityGlobals) = postSolution
		SolutionGuid = {999E769D-7533-4075-97AD-B0B2F6FA45C3}
	EndGlobalSection
EndGlobal
